// !$*UTF8*$!
{
	archiveVersion = 1;
	classes = {
	};
	objectVersion = 46;
	objects = {

/* Begin PBXBuildFile section */
		4641EBB5167EA96B00A4E590 /* LARSAdController.m in Sources */ = {isa = PBXBuildFile; fileRef = 4641EBAD167EA96B00A4E590 /* LARSAdController.m */; };
		4641EBB7167EA96B00A4E590 /* TOLAdAdapteriAds.m in Sources */ = {isa = PBXBuildFile; fileRef = 4641EBB2167EA96B00A4E590 /* TOLAdAdapteriAds.m */; };
		4641EBB8167EA96B00A4E590 /* TOLAdViewController.m in Sources */ = {isa = PBXBuildFile; fileRef = 4641EBB4167EA96B00A4E590 /* TOLAdViewController.m */; };
		4642C0A7167CFB040039EE16 /* Default-568h@2x.png in Resources */ = {isa = PBXBuildFile; fileRef = 4642C0A6167CFB040039EE16 /* Default-568h@2x.png */; };
		4652137116ACF9D5003635AB /* libGoogleAdMobAds.a in Frameworks */ = {isa = PBXBuildFile; fileRef = 4652133316ACF9D5003635AB /* libGoogleAdMobAds.a */; };
		465B42971623820900CBC997 /* AdSupport.framework in Frameworks */ = {isa = PBXBuildFile; fileRef = 465B42961623820900CBC997 /* AdSupport.framework */; settings = {ATTRIBUTES = (Weak, ); }; };
		4691CC6F165202A700559F58 /* StoreKit.framework in Frameworks */ = {isa = PBXBuildFile; fileRef = 4691CC6E165202A700559F58 /* StoreKit.framework */; };
		46B9178F14425C5F007EF823 /* UIKit.framework in Frameworks */ = {isa = PBXBuildFile; fileRef = 46B9178E14425C5F007EF823 /* UIKit.framework */; };
		46B9179114425C5F007EF823 /* Foundation.framework in Frameworks */ = {isa = PBXBuildFile; fileRef = 46B9179014425C5F007EF823 /* Foundation.framework */; };
		46B9179314425C5F007EF823 /* CoreGraphics.framework in Frameworks */ = {isa = PBXBuildFile; fileRef = 46B9179214425C5F007EF823 /* CoreGraphics.framework */; };
		46C1EAF6154C702A00EBFEF1 /* iAd.framework in Frameworks */ = {isa = PBXBuildFile; fileRef = 46C1EAF5154C702A00EBFEF1 /* iAd.framework */; };
		46C1EAF8154C703000EBFEF1 /* SystemConfiguration.framework in Frameworks */ = {isa = PBXBuildFile; fileRef = 46C1EAF7154C703000EBFEF1 /* SystemConfiguration.framework */; };
		46C1EAFA154C705E00EBFEF1 /* AudioToolbox.framework in Frameworks */ = {isa = PBXBuildFile; fileRef = 46C1EAF9154C705E00EBFEF1 /* AudioToolbox.framework */; };
		46C1EAFC154C706300EBFEF1 /* MessageUI.framework in Frameworks */ = {isa = PBXBuildFile; fileRef = 46C1EAFB154C706300EBFEF1 /* MessageUI.framework */; };
		46F8742016915DDF001A2DF8 /* TOLAdAdapterGoogleAds.m in Sources */ = {isa = PBXBuildFile; fileRef = 46F8741F16915DDF001A2DF8 /* TOLAdAdapterGoogleAds.m */; };
		AAAFED1E17CFEC5800D7FCCC /* LARSAppDelegate.m in Sources */ = {isa = PBXBuildFile; fileRef = AAAFED1B17CFEC5800D7FCCC /* LARSAppDelegate.m */; };
		AAAFED2317CFEC7E00D7FCCC /* BannerViewAdDemo-Info.plist in Resources */ = {isa = PBXBuildFile; fileRef = AAAFED2017CFEC7E00D7FCCC /* BannerViewAdDemo-Info.plist */; };
		AAAFED2417CFEC7E00D7FCCC /* main.m in Sources */ = {isa = PBXBuildFile; fileRef = AAAFED2217CFEC7E00D7FCCC /* main.m */; };
		AAAFED2817CFEE9000D7FCCC /* BannerViewController.m in Sources */ = {isa = PBXBuildFile; fileRef = AAAFED2717CFEE9000D7FCCC /* BannerViewController.m */; };
		AAECFE4417CFF291007B76D6 /* LARSBannerViewController.m in Sources */ = {isa = PBXBuildFile; fileRef = AAECFE4217CFF291007B76D6 /* LARSBannerViewController.m */; };
		AAECFE4517CFF291007B76D6 /* LARSBannerViewController.xib in Resources */ = {isa = PBXBuildFile; fileRef = AAECFE4317CFF291007B76D6 /* LARSBannerViewController.xib */; };
		AAECFE4717CFF438007B76D6 /* Default@2x.png in Resources */ = {isa = PBXBuildFile; fileRef = AAECFE4617CFF438007B76D6 /* Default@2x.png */; };
		AAECFE4917CFF44A007B76D6 /* Default-568h@2x.png in Resources */ = {isa = PBXBuildFile; fileRef = AAECFE4817CFF44A007B76D6 /* Default-568h@2x.png */; };
		AAECFE4B17CFF47D007B76D6 /* Default.png in Resources */ = {isa = PBXBuildFile; fileRef = AAECFE4A17CFF47D007B76D6 /* Default.png */; };
/* End PBXBuildFile section */

/* Begin PBXFileReference section */
		4641EBAC167EA96B00A4E590 /* LARSAdController.h */ = {isa = PBXFileReference; fileEncoding = 4; lastKnownFileType = sourcecode.c.h; path = LARSAdController.h; sourceTree = "<group>"; };
		4641EBAD167EA96B00A4E590 /* LARSAdController.m */ = {isa = PBXFileReference; fileEncoding = 4; lastKnownFileType = sourcecode.c.objc; path = LARSAdController.m; sourceTree = "<group>"; };
		4641EBAE167EA96B00A4E590 /* TOLAdAdapter.h */ = {isa = PBXFileReference; fileEncoding = 4; lastKnownFileType = sourcecode.c.h; path = TOLAdAdapter.h; sourceTree = "<group>"; };
		4641EBAF167EA96B00A4E590 /* TOLAdAdapterGoogleAds.h */ = {isa = PBXFileReference; fileEncoding = 4; lastKnownFileType = sourcecode.c.h; path = TOLAdAdapterGoogleAds.h; sourceTree = "<group>"; };
		4641EBB1167EA96B00A4E590 /* TOLAdAdapteriAds.h */ = {isa = PBXFileReference; fileEncoding = 4; lastKnownFileType = sourcecode.c.h; path = TOLAdAdapteriAds.h; sourceTree = "<group>"; };
		4641EBB2167EA96B00A4E590 /* TOLAdAdapteriAds.m */ = {isa = PBXFileReference; fileEncoding = 4; lastKnownFileType = sourcecode.c.objc; path = TOLAdAdapteriAds.m; sourceTree = "<group>"; };
		4641EBB3167EA96B00A4E590 /* TOLAdViewController.h */ = {isa = PBXFileReference; fileEncoding = 4; lastKnownFileType = sourcecode.c.h; path = TOLAdViewController.h; sourceTree = "<group>"; };
		4641EBB4167EA96B00A4E590 /* TOLAdViewController.m */ = {isa = PBXFileReference; fileEncoding = 4; lastKnownFileType = sourcecode.c.objc; path = TOLAdViewController.m; sourceTree = "<group>"; };
		4642C0A6167CFB040039EE16 /* Default-568h@2x.png */ = {isa = PBXFileReference; lastKnownFileType = image.png; path = "Default-568h@2x.png"; sourceTree = "<group>"; };
		4652132916ACF9D5003635AB /* GADAdMobExtras.h */ = {isa = PBXFileReference; fileEncoding = 4; lastKnownFileType = sourcecode.c.h; name = GADAdMobExtras.h; path = ../AdMob/GADAdMobExtras.h; sourceTree = SOURCE_ROOT; };
		4652132A16ACF9D5003635AB /* GADAdNetworkExtras.h */ = {isa = PBXFileReference; fileEncoding = 4; lastKnownFileType = sourcecode.c.h; name = GADAdNetworkExtras.h; path = ../AdMob/GADAdNetworkExtras.h; sourceTree = SOURCE_ROOT; };
		4652132B16ACF9D5003635AB /* GADAdSize.h */ = {isa = PBXFileReference; fileEncoding = 4; lastKnownFileType = sourcecode.c.h; name = GADAdSize.h; path = ../AdMob/GADAdSize.h; sourceTree = SOURCE_ROOT; };
		4652132C16ACF9D5003635AB /* GADBannerView.h */ = {isa = PBXFileReference; fileEncoding = 4; lastKnownFileType = sourcecode.c.h; name = GADBannerView.h; path = ../AdMob/GADBannerView.h; sourceTree = SOURCE_ROOT; };
		4652132D16ACF9D5003635AB /* GADBannerViewDelegate.h */ = {isa = PBXFileReference; fileEncoding = 4; lastKnownFileType = sourcecode.c.h; name = GADBannerViewDelegate.h; path = ../AdMob/GADBannerViewDelegate.h; sourceTree = SOURCE_ROOT; };
		4652132E16ACF9D5003635AB /* GADInterstitial.h */ = {isa = PBXFileReference; fileEncoding = 4; lastKnownFileType = sourcecode.c.h; name = GADInterstitial.h; path = ../AdMob/GADInterstitial.h; sourceTree = SOURCE_ROOT; };
		4652132F16ACF9D5003635AB /* GADInterstitialDelegate.h */ = {isa = PBXFileReference; fileEncoding = 4; lastKnownFileType = sourcecode.c.h; name = GADInterstitialDelegate.h; path = ../AdMob/GADInterstitialDelegate.h; sourceTree = SOURCE_ROOT; };
		4652133016ACF9D5003635AB /* GADRequest.h */ = {isa = PBXFileReference; fileEncoding = 4; lastKnownFileType = sourcecode.c.h; name = GADRequest.h; path = ../AdMob/GADRequest.h; sourceTree = SOURCE_ROOT; };
		4652133116ACF9D5003635AB /* GADRequestError.h */ = {isa = PBXFileReference; fileEncoding = 4; lastKnownFileType = sourcecode.c.h; name = GADRequestError.h; path = ../AdMob/GADRequestError.h; sourceTree = SOURCE_ROOT; };
		4652133316ACF9D5003635AB /* libGoogleAdMobAds.a */ = {isa = PBXFileReference; lastKnownFileType = archive.ar; name = libGoogleAdMobAds.a; path = ../AdMob/libGoogleAdMobAds.a; sourceTree = SOURCE_ROOT; };
		465B42961623820900CBC997 /* AdSupport.framework */ = {isa = PBXFileReference; lastKnownFileType = wrapper.framework; name = AdSupport.framework; path = System/Library/Frameworks/AdSupport.framework; sourceTree = SDKROOT; };
		4691CC6E165202A700559F58 /* StoreKit.framework */ = {isa = PBXFileReference; lastKnownFileType = wrapper.framework; name = StoreKit.framework; path = System/Library/Frameworks/StoreKit.framework; sourceTree = SDKROOT; };
		46B9178A14425C5F007EF823 /* BannerViewAdDemo.app */ = {isa = PBXFileReference; explicitFileType = wrapper.application; includeInIndex = 0; path = BannerViewAdDemo.app; sourceTree = BUILT_PRODUCTS_DIR; };
		46B9178E14425C5F007EF823 /* UIKit.framework */ = {isa = PBXFileReference; lastKnownFileType = wrapper.framework; name = UIKit.framework; path = System/Library/Frameworks/UIKit.framework; sourceTree = SDKROOT; };
		46B9179014425C5F007EF823 /* Foundation.framework */ = {isa = PBXFileReference; lastKnownFileType = wrapper.framework; name = Foundation.framework; path = System/Library/Frameworks/Foundation.framework; sourceTree = SDKROOT; };
		46B9179214425C5F007EF823 /* CoreGraphics.framework */ = {isa = PBXFileReference; lastKnownFileType = wrapper.framework; name = CoreGraphics.framework; path = System/Library/Frameworks/CoreGraphics.framework; sourceTree = SDKROOT; };
		46C1EAF5154C702A00EBFEF1 /* iAd.framework */ = {isa = PBXFileReference; lastKnownFileType = wrapper.framework; name = iAd.framework; path = System/Library/Frameworks/iAd.framework; sourceTree = SDKROOT; };
		46C1EAF7154C703000EBFEF1 /* SystemConfiguration.framework */ = {isa = PBXFileReference; lastKnownFileType = wrapper.framework; name = SystemConfiguration.framework; path = System/Library/Frameworks/SystemConfiguration.framework; sourceTree = SDKROOT; };
		46C1EAF9154C705E00EBFEF1 /* AudioToolbox.framework */ = {isa = PBXFileReference; lastKnownFileType = wrapper.framework; name = AudioToolbox.framework; path = System/Library/Frameworks/AudioToolbox.framework; sourceTree = SDKROOT; };
		46C1EAFB154C706300EBFEF1 /* MessageUI.framework */ = {isa = PBXFileReference; lastKnownFileType = wrapper.framework; name = MessageUI.framework; path = System/Library/Frameworks/MessageUI.framework; sourceTree = SDKROOT; };
		46F8741F16915DDF001A2DF8 /* TOLAdAdapterGoogleAds.m */ = {isa = PBXFileReference; fileEncoding = 4; lastKnownFileType = sourcecode.c.objc; path = TOLAdAdapterGoogleAds.m; sourceTree = "<group>"; };
		AAAFED1A17CFEC5800D7FCCC /* LARSAppDelegate.h */ = {isa = PBXFileReference; fileEncoding = 4; lastKnownFileType = sourcecode.c.h; name = LARSAppDelegate.h; path = BannerViewAdDemo/LARSAppDelegate.h; sourceTree = SOURCE_ROOT; };
		AAAFED1B17CFEC5800D7FCCC /* LARSAppDelegate.m */ = {isa = PBXFileReference; fileEncoding = 4; lastKnownFileType = sourcecode.c.objc; name = LARSAppDelegate.m; path = BannerViewAdDemo/LARSAppDelegate.m; sourceTree = SOURCE_ROOT; };
		AAAFED2017CFEC7E00D7FCCC /* BannerViewAdDemo-Info.plist */ = {isa = PBXFileReference; fileEncoding = 4; lastKnownFileType = text.plist.xml; name = "BannerViewAdDemo-Info.plist"; path = "BannerViewAdDemo/BannerViewAdDemo-Info.plist"; sourceTree = SOURCE_ROOT; };
		AAAFED2117CFEC7E00D7FCCC /* BannerViewAdDemo-Prefix.pch */ = {isa = PBXFileReference; fileEncoding = 4; lastKnownFileType = sourcecode.c.h; name = "BannerViewAdDemo-Prefix.pch"; path = "BannerViewAdDemo/BannerViewAdDemo-Prefix.pch"; sourceTree = SOURCE_ROOT; };
		AAAFED2217CFEC7E00D7FCCC /* main.m */ = {isa = PBXFileReference; fileEncoding = 4; lastKnownFileType = sourcecode.c.objc; name = main.m; path = BannerViewAdDemo/main.m; sourceTree = SOURCE_ROOT; };
		AAAFED2617CFEE9000D7FCCC /* BannerViewController.h */ = {isa = PBXFileReference; fileEncoding = 4; lastKnownFileType = sourcecode.c.h; name = BannerViewController.h; path = BannerViewAdDemo/BannerViewController.h; sourceTree = SOURCE_ROOT; };
		AAAFED2717CFEE9000D7FCCC /* BannerViewController.m */ = {isa = PBXFileReference; fileEncoding = 4; lastKnownFileType = sourcecode.c.objc; name = BannerViewController.m; path = BannerViewAdDemo/BannerViewController.m; sourceTree = SOURCE_ROOT; };
		AAECFE4117CFF291007B76D6 /* LARSBannerViewController.h */ = {isa = PBXFileReference; fileEncoding = 4; lastKnownFileType = sourcecode.c.h; name = LARSBannerViewController.h; path = BannerViewAdDemo/LARSBannerViewController.h; sourceTree = SOURCE_ROOT; };
		AAECFE4217CFF291007B76D6 /* LARSBannerViewController.m */ = {isa = PBXFileReference; fileEncoding = 4; lastKnownFileType = sourcecode.c.objc; name = LARSBannerViewController.m; path = BannerViewAdDemo/LARSBannerViewController.m; sourceTree = SOURCE_ROOT; };
		AAECFE4317CFF291007B76D6 /* LARSBannerViewController.xib */ = {isa = PBXFileReference; fileEncoding = 4; lastKnownFileType = file.xib; name = LARSBannerViewController.xib; path = BannerViewAdDemo/LARSBannerViewController.xib; sourceTree = SOURCE_ROOT; };
		AAECFE4617CFF438007B76D6 /* Default@2x.png */ = {isa = PBXFileReference; lastKnownFileType = image.png; path = "Default@2x.png"; sourceTree = "<group>"; };
		AAECFE4817CFF44A007B76D6 /* Default-568h@2x.png */ = {isa = PBXFileReference; lastKnownFileType = image.png; path = "Default-568h@2x.png"; sourceTree = "<group>"; };
		AAECFE4A17CFF47D007B76D6 /* Default.png */ = {isa = PBXFileReference; lastKnownFileType = image.png; path = Default.png; sourceTree = "<group>"; };
/* End PBXFileReference section */

/* Begin PBXFrameworksBuildPhase section */
		46B9178714425C5F007EF823 /* Frameworks */ = {
			isa = PBXFrameworksBuildPhase;
			buildActionMask = 2147483647;
			files = (
				4691CC6F165202A700559F58 /* StoreKit.framework in Frameworks */,
				465B42971623820900CBC997 /* AdSupport.framework in Frameworks */,
				46C1EAFC154C706300EBFEF1 /* MessageUI.framework in Frameworks */,
				46C1EAFA154C705E00EBFEF1 /* AudioToolbox.framework in Frameworks */,
				46C1EAF8154C703000EBFEF1 /* SystemConfiguration.framework in Frameworks */,
				46C1EAF6154C702A00EBFEF1 /* iAd.framework in Frameworks */,
				46B9178F14425C5F007EF823 /* UIKit.framework in Frameworks */,
				46B9179114425C5F007EF823 /* Foundation.framework in Frameworks */,
				46B9179314425C5F007EF823 /* CoreGraphics.framework in Frameworks */,
				4652137116ACF9D5003635AB /* libGoogleAdMobAds.a in Frameworks */,
			);
			runOnlyForDeploymentPostprocessing = 0;
		};
/* End PBXFrameworksBuildPhase section */

/* Begin PBXGroup section */
		4641EBAB167EA96B00A4E590 /* LARSAdController */ = {
			isa = PBXGroup;
			children = (
				4641EBAC167EA96B00A4E590 /* LARSAdController.h */,
				4641EBAD167EA96B00A4E590 /* LARSAdController.m */,
				4641EBAE167EA96B00A4E590 /* TOLAdAdapter.h */,
				4641EBB9167EAA0E00A4E590 /* Ad Network Adapters */,
				4641EBB3167EA96B00A4E590 /* TOLAdViewController.h */,
				4641EBB4167EA96B00A4E590 /* TOLAdViewController.m */,
			);
			name = LARSAdController;
			path = ../../Source;
			sourceTree = "<group>";
		};
		4641EBB9167EAA0E00A4E590 /* Ad Network Adapters */ = {
			isa = PBXGroup;
			children = (
				4641EBAF167EA96B00A4E590 /* TOLAdAdapterGoogleAds.h */,
				46F8741F16915DDF001A2DF8 /* TOLAdAdapterGoogleAds.m */,
				4641EBB1167EA96B00A4E590 /* TOLAdAdapteriAds.h */,
				4641EBB2167EA96B00A4E590 /* TOLAdAdapteriAds.m */,
			);
			name = "Ad Network Adapters";
			sourceTree = "<group>";
		};
		465212CF16ACF9D5003635AB /* AdMob */ = {
			isa = PBXGroup;
			children = (
				4652132916ACF9D5003635AB /* GADAdMobExtras.h */,
				4652132A16ACF9D5003635AB /* GADAdNetworkExtras.h */,
				4652132B16ACF9D5003635AB /* GADAdSize.h */,
				4652132C16ACF9D5003635AB /* GADBannerView.h */,
				4652132D16ACF9D5003635AB /* GADBannerViewDelegate.h */,
				4652132E16ACF9D5003635AB /* GADInterstitial.h */,
				4652132F16ACF9D5003635AB /* GADInterstitialDelegate.h */,
				4652133016ACF9D5003635AB /* GADRequest.h */,
				4652133116ACF9D5003635AB /* GADRequestError.h */,
				4652133316ACF9D5003635AB /* libGoogleAdMobAds.a */,
			);
			name = AdMob;
			path = ../AdMob;
			sourceTree = SOURCE_ROOT;
		};
		46B9177F14425C5F007EF823 = {
			isa = PBXGroup;
			children = (
				AAECFE4A17CFF47D007B76D6 /* Default.png */,
				AAECFE4817CFF44A007B76D6 /* Default-568h@2x.png */,
				AAECFE4617CFF438007B76D6 /* Default@2x.png */,
				4642C0A6167CFB040039EE16 /* Default-568h@2x.png */,
				465212CF16ACF9D5003635AB /* AdMob */,
				4641EBAB167EA96B00A4E590 /* LARSAdController */,
				46B9179414425C5F007EF823 /* BannerViewAdDemo */,
				46B9178D14425C5F007EF823 /* Frameworks */,
				46B9178B14425C5F007EF823 /* Products */,
			);
			sourceTree = "<group>";
		};
		46B9178B14425C5F007EF823 /* Products */ = {
			isa = PBXGroup;
			children = (
				46B9178A14425C5F007EF823 /* BannerViewAdDemo.app */,
			);
			name = Products;
			sourceTree = "<group>";
		};
		46B9178D14425C5F007EF823 /* Frameworks */ = {
			isa = PBXGroup;
			children = (
				4691CC6E165202A700559F58 /* StoreKit.framework */,
				465B42961623820900CBC997 /* AdSupport.framework */,
				46C1EAFB154C706300EBFEF1 /* MessageUI.framework */,
				46C1EAF9154C705E00EBFEF1 /* AudioToolbox.framework */,
				46C1EAF7154C703000EBFEF1 /* SystemConfiguration.framework */,
				46C1EAF5154C702A00EBFEF1 /* iAd.framework */,
				46B9178E14425C5F007EF823 /* UIKit.framework */,
				46B9179014425C5F007EF823 /* Foundation.framework */,
				46B9179214425C5F007EF823 /* CoreGraphics.framework */,
			);
			name = Frameworks;
			sourceTree = "<group>";
		};
		46B9179414425C5F007EF823 /* BannerViewAdDemo */ = {
			isa = PBXGroup;
			children = (
				AAAFED1A17CFEC5800D7FCCC /* LARSAppDelegate.h */,
				AAAFED1B17CFEC5800D7FCCC /* LARSAppDelegate.m */,
				AAAFED2617CFEE9000D7FCCC /* BannerViewController.h */,
				AAAFED2717CFEE9000D7FCCC /* BannerViewController.m */,
				46B9179514425C60007EF823 /* Supporting Files */,
				AAECFE4117CFF291007B76D6 /* LARSBannerViewController.h */,
				AAECFE4217CFF291007B76D6 /* LARSBannerViewController.m */,
				AAECFE4317CFF291007B76D6 /* LARSBannerViewController.xib */,
			);
			name = BannerViewAdDemo;
			path = adcontrollerdemo;
			sourceTree = "<group>";
		};
		46B9179514425C60007EF823 /* Supporting Files */ = {
			isa = PBXGroup;
			children = (
				AAAFED2017CFEC7E00D7FCCC /* BannerViewAdDemo-Info.plist */,
				AAAFED2117CFEC7E00D7FCCC /* BannerViewAdDemo-Prefix.pch */,
				AAAFED2217CFEC7E00D7FCCC /* main.m */,
			);
			name = "Supporting Files";
			sourceTree = "<group>";
		};
/* End PBXGroup section */

/* Begin PBXNativeTarget section */
		46B9178914425C5F007EF823 /* BannerViewAdDemo */ = {
			isa = PBXNativeTarget;
			buildConfigurationList = 46B917B414425C60007EF823 /* Build configuration list for PBXNativeTarget "BannerViewAdDemo" */;
			buildPhases = (
				46B9178614425C5F007EF823 /* Sources */,
				46B9178714425C5F007EF823 /* Frameworks */,
				46B9178814425C5F007EF823 /* Resources */,
				4691CC68164EC49200559F58 /* ShellScript */,
			);
			buildRules = (
			);
			dependencies = (
			);
			name = BannerViewAdDemo;
			productName = adcontrollerdemo;
			productReference = 46B9178A14425C5F007EF823 /* BannerViewAdDemo.app */;
			productType = "com.apple.product-type.application";
		};
/* End PBXNativeTarget section */

/* Begin PBXProject section */
		46B9178114425C5F007EF823 /* Project object */ = {
			isa = PBXProject;
			attributes = {
				CLASSPREFIX = LARS;
				LastUpgradeCheck = 0450;
				ORGANIZATIONNAME = theonlylars;
			};
			buildConfigurationList = 46B9178414425C5F007EF823 /* Build configuration list for PBXProject "BannerViewAdDemo" */;
			compatibilityVersion = "Xcode 3.2";
			developmentRegion = English;
			hasScannedForEncodings = 0;
			knownRegions = (
				en,
			);
			mainGroup = 46B9177F14425C5F007EF823;
			productRefGroup = 46B9178B14425C5F007EF823 /* Products */;
			projectDirPath = "";
			projectRoot = "";
			targets = (
				46B9178914425C5F007EF823 /* BannerViewAdDemo */,
			);
		};
/* End PBXProject section */

/* Begin PBXResourcesBuildPhase section */
		46B9178814425C5F007EF823 /* Resources */ = {
			isa = PBXResourcesBuildPhase;
			buildActionMask = 2147483647;
			files = (
				4642C0A7167CFB040039EE16 /* Default-568h@2x.png in Resources */,
				AAAFED2317CFEC7E00D7FCCC /* BannerViewAdDemo-Info.plist in Resources */,
				AAECFE4517CFF291007B76D6 /* LARSBannerViewController.xib in Resources */,
				AAECFE4717CFF438007B76D6 /* Default@2x.png in Resources */,
				AAECFE4917CFF44A007B76D6 /* Default-568h@2x.png in Resources */,
				AAECFE4B17CFF47D007B76D6 /* Default.png in Resources */,
			);
			runOnlyForDeploymentPostprocessing = 0;
		};
/* End PBXResourcesBuildPhase section */

/* Begin PBXShellScriptBuildPhase section */
		4691CC68164EC49200559F58 /* ShellScript */ = {
			isa = PBXShellScriptBuildPhase;
			buildActionMask = 2147483647;
			files = (
			);
			inputPaths = (
			);
			outputPaths = (
			);
			runOnlyForDeploymentPostprocessing = 0;
			shellPath = /bin/sh;
			shellScript = "KEYWORDS=\"TODO:|FIXME:|\\?\\?\\?:|\\!\\!\\!:\"\nfind \"${SRCROOT}/../..\" \\( -name \"*.h\" -or -name \"*.m\" \\) -print0 | \\\nxargs -0 egrep --with-filename --line-number --only-matching \"($KEYWORDS).*\\$\" | \\\nperl -p -e \"s/($KEYWORDS)/ warning: \\$1/\"";
		};
/* End PBXShellScriptBuildPhase section */

/* Begin PBXSourcesBuildPhase section */
		46B9178614425C5F007EF823 /* Sources */ = {
			isa = PBXSourcesBuildPhase;
			buildActionMask = 2147483647;
			files = (
				4641EBB5167EA96B00A4E590 /* LARSAdController.m in Sources */,
				4641EBB7167EA96B00A4E590 /* TOLAdAdapteriAds.m in Sources */,
				4641EBB8167EA96B00A4E590 /* TOLAdViewController.m in Sources */,
				46F8742016915DDF001A2DF8 /* TOLAdAdapterGoogleAds.m in Sources */,
				AAAFED1E17CFEC5800D7FCCC /* LARSAppDelegate.m in Sources */,
				AAAFED2417CFEC7E00D7FCCC /* main.m in Sources */,
				AAAFED2817CFEE9000D7FCCC /* BannerViewController.m in Sources */,
				AAECFE4417CFF291007B76D6 /* LARSBannerViewController.m in Sources */,
			);
			runOnlyForDeploymentPostprocessing = 0;
		};
/* End PBXSourcesBuildPhase section */

/* Begin XCBuildConfiguration section */
		46B917B214425C60007EF823 /* Debug */ = {
			isa = XCBuildConfiguration;
			buildSettings = {
				ALWAYS_SEARCH_USER_PATHS = NO;
				ARCHS = "$(ARCHS_STANDARD_32_BIT)";
				CLANG_WARN_OBJCPP_ARC_ABI = YES;
				CODE_SIGN_IDENTITY = "iPhone Developer";
				"CODE_SIGN_IDENTITY[sdk=iphoneos*]" = "iPhone Developer";
				COPY_PHASE_STRIP = NO;
				GCC_C_LANGUAGE_STANDARD = gnu99;
				GCC_DYNAMIC_NO_PIC = NO;
				GCC_OPTIMIZATION_LEVEL = 0;
				GCC_PREPROCESSOR_DEFINITIONS = (
					"DEBUG=1",
					"$(inherited)",
				);
				GCC_SYMBOLS_PRIVATE_EXTERN = NO;
				GCC_VERSION = com.apple.compilers.llvm.clang.1_0;
				GCC_WARN_ABOUT_MISSING_PROTOTYPES = YES;
				GCC_WARN_ABOUT_RETURN_TYPE = YES;
				GCC_WARN_UNUSED_VARIABLE = YES;
				IPHONEOS_DEPLOYMENT_TARGET = 5.0;
				PROVISIONING_PROFILE = "";
				SDKROOT = iphoneos;
				TARGETED_DEVICE_FAMILY = "1,2";
			};
			name = Debug;
		};
		46B917B314425C60007EF823 /* Release */ = {
			isa = XCBuildConfiguration;
			buildSettings = {
				ALWAYS_SEARCH_USER_PATHS = NO;
				ARCHS = "$(ARCHS_STANDARD_32_BIT)";
				CLANG_WARN_OBJCPP_ARC_ABI = YES;
				CODE_SIGN_IDENTITY = "iPhone Developer";
				"CODE_SIGN_IDENTITY[sdk=iphoneos*]" = "iPhone Developer";
				COPY_PHASE_STRIP = YES;
				GCC_C_LANGUAGE_STANDARD = gnu99;
				GCC_VERSION = com.apple.compilers.llvm.clang.1_0;
				GCC_WARN_ABOUT_MISSING_PROTOTYPES = YES;
				GCC_WARN_ABOUT_RETURN_TYPE = YES;
				GCC_WARN_UNUSED_VARIABLE = YES;
				IPHONEOS_DEPLOYMENT_TARGET = 5.0;
				OTHER_CFLAGS = "-DNS_BLOCK_ASSERTIONS=1";
				PROVISIONING_PROFILE = "";
				SDKROOT = iphoneos;
				TARGETED_DEVICE_FAMILY = "1,2";
				VALIDATE_PRODUCT = YES;
			};
			name = Release;
		};
		46B917B514425C60007EF823 /* Debug */ = {
			isa = XCBuildConfiguration;
			buildSettings = {
				CLANG_ENABLE_OBJC_ARC = YES;
				CODE_SIGN_IDENTITY = "iPhone Developer";
				"CODE_SIGN_IDENTITY[sdk=iphoneos*]" = "iPhone Developer";
				GCC_PRECOMPILE_PREFIX_HEADER = YES;
				GCC_PREFIX_HEADER = "BannerViewAdDemo/BannerViewAdDemo-Prefix.pch";
				INFOPLIST_FILE = "BannerViewAdDemo/BannerViewAdDemo-Info.plist";
				IPHONEOS_DEPLOYMENT_TARGET = 5.0;
				LIBRARY_SEARCH_PATHS = (
					"$(inherited)",
					"\"$(SRCROOT)/../AdMob\"/**",
					"\"$(SRCROOT)/../AdMob/Add-ons/GoogleAnalyticsiOS_2.0beta3/Library\"",
					"\"$(SRCROOT)/../AdMob\"",
				);
				OTHER_LDFLAGS = "-ObjC";
				PRODUCT_NAME = BannerViewAdDemo;
				PROVISIONING_PROFILE = "";
				"PROVISIONING_PROFILE[sdk=iphoneos*]" = "";
				WRAPPER_EXTENSION = app;
			};
			name = Debug;
		};
		46B917B614425C60007EF823 /* Release */ = {
			isa = XCBuildConfiguration;
			buildSettings = {
				CLANG_ENABLE_OBJC_ARC = YES;
				CODE_SIGN_IDENTITY = "iPhone Developer";
				GCC_PRECOMPILE_PREFIX_HEADER = YES;
				GCC_PREFIX_HEADER = "BannerViewAdDemo/BannerViewAdDemo-Prefix.pch";
				INFOPLIST_FILE = "BannerViewAdDemo/BannerViewAdDemo-Info.plist";
				IPHONEOS_DEPLOYMENT_TARGET = 5.0;
				LIBRARY_SEARCH_PATHS = (
					"$(inherited)",
					"\"$(SRCROOT)/../AdMob\"/**",
					"\"$(SRCROOT)/../AdMob/Add-ons/GoogleAnalyticsiOS_2.0beta3/Library\"",
					"\"$(SRCROOT)/../AdMob\"",
				);
				OTHER_LDFLAGS = "-ObjC";
				PRODUCT_NAME = BannerViewAdDemo;
				PROVISIONING_PROFILE = "";
				WRAPPER_EXTENSION = app;
			};
			name = Release;
		};
/* End XCBuildConfiguration section */

/* Begin XCConfigurationList section */
		46B9178414425C5F007EF823 /* Build configuration list for PBXProject "BannerViewAdDemo" */ = {
			isa = XCConfigurationList;
			buildConfigurations = (
				46B917B214425C60007EF823 /* Debug */,
				46B917B314425C60007EF823 /* Release */,
			);
			defaultConfigurationIsVisible = 0;
			defaultConfigurationName = Release;
		};
		46B917B414425C60007EF823 /* Build configuration list for PBXNativeTarget "BannerViewAdDemo" */ = {
			isa = XCConfigurationList;
			buildConfigurations = (
				46B917B514425C60007EF823 /* Debug */,
				46B917B614425C60007EF823 /* Release */,
			);
			defaultConfigurationIsVisible = 0;
			defaultConfigurationName = Release;
		};
/* End XCConfigurationList section */
	};
	rootObject = 46B9178114425C5F007EF823 /* Project object */;
}
